
Microsoft Visual Studio Solution File, Format Version 11.00
# Visual C++ Express 2010
Project("{8BC9CEB8-8B4A-11D0-8D11-00A0C91BC942}") = "PatoLoco", "PatoLoco.vcxproj", "{0D1D6491-2D1D-4885-9D87-89351A7A7310}"
EndProject
Global
	GlobalSection(SolutionConfigurationPlatforms) = preSolution
		Debug|Win32 = Debug|Win32
		Release|Win32 = Release|Win32
	EndGlobalSection
	GlobalSection(ProjectConfigurationPlatforms) = postSolution
		{0D1D6491-2D1D-4885-9D87-89351A7A7310}.Debug|Win32.ActiveCfg = Debug|Win32
		{0D1D6491-2D1D-4885-9D87-89351A7A7310}.Debug|Win32.Build.0 = Debug|Win32
		{0D1D6491-2D1D-4885-9D87-89351A7A7310}.Release|Win32.ActiveCfg = Release|Win32
		{0D1D6491-2D1D-4885-9D87-89351A7A7310}.Release|Win32.Build.0 = Release|Win32
	EndGlobalSection
	GlobalSection(SolutionProperties) = preSolution
		HideSolutionNode = FALSE
	EndGlobalSection
EndGlobal
