<?xml version="1.0" encoding="utf-8"?>
<Project ToolsVersion="4.0" xmlns="http://schemas.microsoft.com/developer/msbuild/2003">
  <ItemGroup>
    <Filter Include="Source Files">
      <UniqueIdentifier>{4FC737F1-C7A5-4376-A066-2A32D752A2FF}</UniqueIdentifier>
      <Extensions>cpp;c;cc;cxx;def;odl;idl;hpj;bat;asm;asmx</Extensions>
    </Filter>
    <Filter Include="Header Files">
      <UniqueIdentifier>{93995380-89BD-4b04-88EB-625FBE52EBFB}</UniqueIdentifier>
      <Extensions>h;hpp;hxx;hm;inl;inc;xsd</Extensions>
    </Filter>
    <Filter Include="Resource Files">
      <UniqueIdentifier>{67DA6AB6-F800-4c08-8B7A-83BB121AAD01}</UniqueIdentifier>
      <Extensions>rc;ico;cur;bmp;dlg;rc2;rct;bin;rgs;gif;jpg;jpeg;jpe;resx;tiff;tif;png;wav;mfcribbon-ms</Extensions>
    </Filter>
  </ItemGroup>
  <ItemGroup>
    <ClCompile Include="..\src\accelerable_object.cpp">
      <Filter>Source Files</Filter>
    </ClCompile>
    <ClCompile Include="..\src\all_objects.cpp">
      <Filter>Source Files</Filter>
    </ClCompile>
    <ClCompile Include="..\src\aux_functions.cpp">
      <Filter>Source Files</Filter>
    </ClCompile>
    <ClCompile Include="..\src\base_system.cpp">
      <Filter>Source Files</Filter>
    </ClCompile>
    <ClCompile Include="..\src\brick_object.cpp">
      <Filter>Source Files</Filter>
    </ClCompile>
    <ClCompile Include="..\src\config.cpp">
      <Filter>Source Files</Filter>
    </ClCompile>
    <ClCompile Include="..\src\config_map.cpp">
      <Filter>Source Files</Filter>
    </ClCompile>
    <ClCompile Include="..\src\config_section.cpp">
      <Filter>Source Files</Filter>
    </ClCompile>
    <ClCompile Include="..\src\door_object.cpp">
      <Filter>Source Files</Filter>
    </ClCompile>
    <ClCompile Include="..\src\empty_block.cpp">
      <Filter>Source Files</Filter>
    </ClCompile>
    <ClCompile Include="..\src\enemy.cpp">
      <Filter>Source Files</Filter>
    </ClCompile>
    <ClCompile Include="..\src\energy_bar.cpp">
      <Filter>Source Files</Filter>
    </ClCompile>
    <ClCompile Include="..\src\exceptions.cpp">
      <Filter>Source Files</Filter>
    </ClCompile>
    <ClCompile Include="..\src\game_loop.cpp">
      <Filter>Source Files</Filter>
    </ClCompile>
    <ClCompile Include="..\src\game_object.cpp">
      <Filter>Source Files</Filter>
    </ClCompile>
    <ClCompile Include="..\src\game_panel.cpp">
      <Filter>Source Files</Filter>
    </ClCompile>
    <ClCompile Include="..\src\game_system.cpp">
      <Filter>Source Files</Filter>
    </ClCompile>
    <ClCompile Include="..\src\lethal_block.cpp">
      <Filter>Source Files</Filter>
    </ClCompile>
    <ClCompile Include="..\src\lethal_empty_block.cpp">
      <Filter>Source Files</Filter>
    </ClCompile>
    <ClCompile Include="..\src\main.cpp">
      <Filter>Source Files</Filter>
    </ClCompile>
    <ClCompile Include="..\src\number_power.cpp">
      <Filter>Source Files</Filter>
    </ClCompile>
    <ClCompile Include="..\src\player.cpp">
      <Filter>Source Files</Filter>
    </ClCompile>
    <ClCompile Include="..\src\player_shot.cpp">
      <Filter>Source Files</Filter>
    </ClCompile>
    <ClCompile Include="..\src\power_up.cpp">
      <Filter>Source Files</Filter>
    </ClCompile>
    <ClCompile Include="..\src\projectile.cpp">
      <Filter>Source Files</Filter>
    </ClCompile>
    <ClCompile Include="..\src\screen.cpp">
      <Filter>Source Files</Filter>
    </ClCompile>
    <ClCompile Include="..\src\singletons.cpp">
      <Filter>Source Files</Filter>
    </ClCompile>
    <ClCompile Include="..\src\sound_effect.cpp">
      <Filter>Source Files</Filter>
    </ClCompile>
    <ClCompile Include="..\src\sound_effects_map.cpp">
      <Filter>Source Files</Filter>
    </ClCompile>
    <ClCompile Include="..\src\spike_block.cpp">
      <Filter>Source Files</Filter>
    </ClCompile>
    <ClCompile Include="..\src\sprite.cpp">
      <Filter>Source Files</Filter>
    </ClCompile>
    <ClCompile Include="..\src\sprite_face.cpp">
      <Filter>Source Files</Filter>
    </ClCompile>
    <ClCompile Include="..\src\sprite_map.cpp">
      <Filter>Source Files</Filter>
    </ClCompile>
    <ClCompile Include="..\src\sprite_sequence.cpp">
      <Filter>Source Files</Filter>
    </ClCompile>
    <ClCompile Include="..\src\stage.cpp">
      <Filter>Source Files</Filter>
    </ClCompile>
    <ClCompile Include="..\src\stage_map.cpp">
      <Filter>Source Files</Filter>
    </ClCompile>
    <ClCompile Include="..\src\teal_brick.cpp">
      <Filter>Source Files</Filter>
    </ClCompile>
    <ClCompile Include="..\src\teal_cracked_brick.cpp">
      <Filter>Source Files</Filter>
    </ClCompile>
    <ClCompile Include="..\src\texture.cpp">
      <Filter>Source Files</Filter>
    </ClCompile>
    <ClCompile Include="..\src\texture_map.cpp">
      <Filter>Source Files</Filter>
    </ClCompile>
    <ClCompile Include="ResourcePath.cpp">
      <Filter>Source Files</Filter>
    </ClCompile>
    <ClCompile Include="..\src\enemy_bouncer.cpp">
      <Filter>Source Files</Filter>
    </ClCompile>
  </ItemGroup>
  <ItemGroup>
    <ClInclude Include="..\include\accelerable_object.h">
      <Filter>Header Files</Filter>
    </ClInclude>
    <ClInclude Include="..\include\all_objects.h">
      <Filter>Header Files</Filter>
    </ClInclude>
    <ClInclude Include="..\include\aux_functions.h">
      <Filter>Header Files</Filter>
    </ClInclude>
    <ClInclude Include="..\include\base_system.h">
      <Filter>Header Files</Filter>
    </ClInclude>
    <ClInclude Include="..\include\brick_object.h">
      <Filter>Header Files</Filter>
    </ClInclude>
    <ClInclude Include="..\include\config.h">
      <Filter>Header Files</Filter>
    </ClInclude>
    <ClInclude Include="..\include\config_map.h">
      <Filter>Header Files</Filter>
    </ClInclude>
    <ClInclude Include="..\include\config_section.h">
      <Filter>Header Files</Filter>
    </ClInclude>
    <ClInclude Include="..\include\door_object.h">
      <Filter>Header Files</Filter>
    </ClInclude>
    <ClInclude Include="..\include\empty_block.h">
      <Filter>Header Files</Filter>
    </ClInclude>
    <ClInclude Include="..\include\enemy.h">
      <Filter>Header Files</Filter>
    </ClInclude>
    <ClInclude Include="..\include\energy_bar.h">
      <Filter>Header Files</Filter>
    </ClInclude>
    <ClInclude Include="..\include\exceptions.h">
      <Filter>Header Files</Filter>
    </ClInclude>
    <ClInclude Include="..\include\exit_codes.h">
      <Filter>Header Files</Filter>
    </ClInclude>
    <ClInclude Include="..\include\game_loop.h">
      <Filter>Header Files</Filter>
    </ClInclude>
    <ClInclude Include="..\include\game_object.h">
      <Filter>Header Files</Filter>
    </ClInclude>
    <ClInclude Include="..\include\game_panel.h">
      <Filter>Header Files</Filter>
    </ClInclude>
    <ClInclude Include="..\include\game_system.h">
      <Filter>Header Files</Filter>
    </ClInclude>
    <ClInclude Include="..\include\lethal_block.h">
      <Filter>Header Files</Filter>
    </ClInclude>
    <ClInclude Include="..\include\lethal_empty_block.h">
      <Filter>Header Files</Filter>
    </ClInclude>
    <ClInclude Include="..\include\macros.h">
      <Filter>Header Files</Filter>
    </ClInclude>
    <ClInclude Include="..\include\number_power.h">
      <Filter>Header Files</Filter>
    </ClInclude>
    <ClInclude Include="..\include\player.h">
      <Filter>Header Files</Filter>
    </ClInclude>
    <ClInclude Include="..\include\player_shot.h">
      <Filter>Header Files</Filter>
    </ClInclude>
    <ClInclude Include="..\include\power_up.h">
      <Filter>Header Files</Filter>
    </ClInclude>
    <ClInclude Include="..\include\projectile.h">
      <Filter>Header Files</Filter>
    </ClInclude>
    <ClInclude Include="..\include\ResourcePath.hpp">
      <Filter>Header Files</Filter>
    </ClInclude>
    <ClInclude Include="..\include\screen.h">
      <Filter>Header Files</Filter>
    </ClInclude>
    <ClInclude Include="..\include\singletons.h">
      <Filter>Header Files</Filter>
    </ClInclude>
    <ClInclude Include="..\include\sound_effect.h">
      <Filter>Header Files</Filter>
    </ClInclude>
    <ClInclude Include="..\include\sound_effects_map.h">
      <Filter>Header Files</Filter>
    </ClInclude>
    <ClInclude Include="..\include\spike_block.h">
      <Filter>Header Files</Filter>
    </ClInclude>
    <ClInclude Include="..\include\sprite.h">
      <Filter>Header Files</Filter>
    </ClInclude>
    <ClInclude Include="..\include\sprite_face.h">
      <Filter>Header Files</Filter>
    </ClInclude>
    <ClInclude Include="..\include\sprite_map.h">
      <Filter>Header Files</Filter>
    </ClInclude>
    <ClInclude Include="..\include\sprite_sequence.h">
      <Filter>Header Files</Filter>
    </ClInclude>
    <ClInclude Include="..\include\stage.h">
      <Filter>Header Files</Filter>
    </ClInclude>
    <ClInclude Include="..\include\stage_map.h">
      <Filter>Header Files</Filter>
    </ClInclude>
    <ClInclude Include="..\include\teal_brick.h">
      <Filter>Header Files</Filter>
    </ClInclude>
    <ClInclude Include="..\include\teal_cracked_brick.h">
      <Filter>Header Files</Filter>
    </ClInclude>
    <ClInclude Include="..\include\texture.h">
      <Filter>Header Files</Filter>
    </ClInclude>
    <ClInclude Include="..\include\texture_map.h">
      <Filter>Header Files</Filter>
    </ClInclude>
    <ClInclude Include="..\include\enemy_bouncer.h">
      <Filter>Header Files</Filter>
    </ClInclude>
  </ItemGroup>
</Project>